// !$*UTF8*$!
{
	archiveVersion = 1;
	classes = {
	};
	objectVersion = 50;
	objects = {

/* Begin PBXBuildFile section */
		8634AB5D21F8AE2100CA6801 /* AppDelegate.swift in Sources */ = {isa = PBXBuildFile; fileRef = 8634AB5C21F8AE2100CA6801 /* AppDelegate.swift */; };
		8634AB5F21F8AE2100CA6801 /* ViewController.swift in Sources */ = {isa = PBXBuildFile; fileRef = 8634AB5E21F8AE2100CA6801 /* ViewController.swift */; };
		8634AB6221F8AE2100CA6801 /* Main.storyboard in Resources */ = {isa = PBXBuildFile; fileRef = 8634AB6021F8AE2100CA6801 /* Main.storyboard */; };
		8634AB6421F8AE2300CA6801 /* Assets.xcassets in Resources */ = {isa = PBXBuildFile; fileRef = 8634AB6321F8AE2300CA6801 /* Assets.xcassets */; };
		8634AB6721F8AE2300CA6801 /* LaunchScreen.storyboard in Resources */ = {isa = PBXBuildFile; fileRef = 8634AB6521F8AE2300CA6801 /* LaunchScreen.storyboard */; };
		8634AB7221F8AE2300CA6801 /* CerealesTableViewTests.swift in Sources */ = {isa = PBXBuildFile; fileRef = 8634AB7121F8AE2300CA6801 /* CerealesTableViewTests.swift */; };
		8634AB7D21F8AE2300CA6801 /* CerealesTableViewUITests.swift in Sources */ = {isa = PBXBuildFile; fileRef = 8634AB7C21F8AE2300CA6801 /* CerealesTableViewUITests.swift */; };
		8634AB8E21F8AE8100CA6801 /* Cereal.swift in Sources */ = {isa = PBXBuildFile; fileRef = 8634AB8D21F8AE8100CA6801 /* Cereal.swift */; };
		8658DD7F22301FDA000FB6F3 /* TableViewSearchCell.swift in Sources */ = {isa = PBXBuildFile; fileRef = 8658DD7E22301FDA000FB6F3 /* TableViewSearchCell.swift */; };
		86590D212200DC1E00518D89 /* TableViewCellCustom.swift in Sources */ = {isa = PBXBuildFile; fileRef = 86590D202200DC1E00518D89 /* TableViewCellCustom.swift */; };
		8665ED5B2225C20500AF4D3D /* SearchBar.swift in Sources */ = {isa = PBXBuildFile; fileRef = 8665ED5A2225C20500AF4D3D /* SearchBar.swift */; };
		869705EC2226D952002F97BD /* ParseCSV.swift in Sources */ = {isa = PBXBuildFile; fileRef = 869705EB2226D952002F97BD /* ParseCSV.swift */; };
		869705F02226DED7002F97BD /* csv.swift in Sources */ = {isa = PBXBuildFile; fileRef = 869705EF2226DED7002F97BD /* csv.swift */; };
		86A457B5220B2C5A00482203 /* TabBarControllerCustom.swift in Sources */ = {isa = PBXBuildFile; fileRef = 86A457B4220B2C5A00482203 /* TabBarControllerCustom.swift */; };
/* End PBXBuildFile section */

/* Begin PBXContainerItemProxy section */
		8634AB6E21F8AE2300CA6801 /* PBXContainerItemProxy */ = {
			isa = PBXContainerItemProxy;
			containerPortal = 8634AB5121F8AE2100CA6801 /* Project object */;
			proxyType = 1;
			remoteGlobalIDString = 8634AB5821F8AE2100CA6801;
			remoteInfo = CerealesTableView;
		};
		8634AB7921F8AE2300CA6801 /* PBXContainerItemProxy */ = {
			isa = PBXContainerItemProxy;
			containerPortal = 8634AB5121F8AE2100CA6801 /* Project object */;
			proxyType = 1;
			remoteGlobalIDString = 8634AB5821F8AE2100CA6801;
			remoteInfo = CerealesTableView;
		};
/* End PBXContainerItemProxy section */

/* Begin PBXFileReference section */
		8634AB5921F8AE2100CA6801 /* CerealesTableView.app */ = {isa = PBXFileReference; explicitFileType = wrapper.application; includeInIndex = 0; path = CerealesTableView.app; sourceTree = BUILT_PRODUCTS_DIR; };
		8634AB5C21F8AE2100CA6801 /* AppDelegate.swift */ = {isa = PBXFileReference; lastKnownFileType = sourcecode.swift; path = AppDelegate.swift; sourceTree = "<group>"; };
		8634AB5E21F8AE2100CA6801 /* ViewController.swift */ = {isa = PBXFileReference; lastKnownFileType = sourcecode.swift; path = ViewController.swift; sourceTree = "<group>"; };
		8634AB6121F8AE2100CA6801 /* Base */ = {isa = PBXFileReference; lastKnownFileType = file.storyboard; name = Base; path = Base.lproj/Main.storyboard; sourceTree = "<group>"; };
		8634AB6321F8AE2300CA6801 /* Assets.xcassets */ = {isa = PBXFileReference; lastKnownFileType = folder.assetcatalog; path = Assets.xcassets; sourceTree = "<group>"; };
		8634AB6621F8AE2300CA6801 /* Base */ = {isa = PBXFileReference; lastKnownFileType = file.storyboard; name = Base; path = Base.lproj/LaunchScreen.storyboard; sourceTree = "<group>"; };
		8634AB6821F8AE2300CA6801 /* Info.plist */ = {isa = PBXFileReference; lastKnownFileType = text.plist.xml; path = Info.plist; sourceTree = "<group>"; };
		8634AB6D21F8AE2300CA6801 /* CerealesTableViewTests.xctest */ = {isa = PBXFileReference; explicitFileType = wrapper.cfbundle; includeInIndex = 0; path = CerealesTableViewTests.xctest; sourceTree = BUILT_PRODUCTS_DIR; };
		8634AB7121F8AE2300CA6801 /* CerealesTableViewTests.swift */ = {isa = PBXFileReference; lastKnownFileType = sourcecode.swift; path = CerealesTableViewTests.swift; sourceTree = "<group>"; };
		8634AB7321F8AE2300CA6801 /* Info.plist */ = {isa = PBXFileReference; lastKnownFileType = text.plist.xml; path = Info.plist; sourceTree = "<group>"; };
		8634AB7821F8AE2300CA6801 /* CerealesTableViewUITests.xctest */ = {isa = PBXFileReference; explicitFileType = wrapper.cfbundle; includeInIndex = 0; path = CerealesTableViewUITests.xctest; sourceTree = BUILT_PRODUCTS_DIR; };
		8634AB7C21F8AE2300CA6801 /* CerealesTableViewUITests.swift */ = {isa = PBXFileReference; lastKnownFileType = sourcecode.swift; path = CerealesTableViewUITests.swift; sourceTree = "<group>"; };
		8634AB7E21F8AE2300CA6801 /* Info.plist */ = {isa = PBXFileReference; lastKnownFileType = text.plist.xml; path = Info.plist; sourceTree = "<group>"; };
		8634AB8D21F8AE8100CA6801 /* Cereal.swift */ = {isa = PBXFileReference; lastKnownFileType = sourcecode.swift; path = Cereal.swift; sourceTree = "<group>"; };
		8658DD7E22301FDA000FB6F3 /* TableViewSearchCell.swift */ = {isa = PBXFileReference; lastKnownFileType = sourcecode.swift; path = TableViewSearchCell.swift; sourceTree = "<group>"; };
		86590D202200DC1E00518D89 /* TableViewCellCustom.swift */ = {isa = PBXFileReference; lastKnownFileType = sourcecode.swift; path = TableViewCellCustom.swift; sourceTree = "<group>"; };
		8665ED5A2225C20500AF4D3D /* SearchBar.swift */ = {isa = PBXFileReference; lastKnownFileType = sourcecode.swift; path = SearchBar.swift; sourceTree = "<group>"; };
		869705EB2226D952002F97BD /* ParseCSV.swift */ = {isa = PBXFileReference; lastKnownFileType = sourcecode.swift; path = ParseCSV.swift; sourceTree = "<group>"; };
		869705EF2226DED7002F97BD /* csv.swift */ = {isa = PBXFileReference; lastKnownFileType = sourcecode.swift; path = csv.swift; sourceTree = "<group>"; };
		86A457B4220B2C5A00482203 /* TabBarControllerCustom.swift */ = {isa = PBXFileReference; lastKnownFileType = sourcecode.swift; path = TabBarControllerCustom.swift; sourceTree = "<group>"; };
/* End PBXFileReference section */

/* Begin PBXFrameworksBuildPhase section */
		8634AB5621F8AE2100CA6801 /* Frameworks */ = {
			isa = PBXFrameworksBuildPhase;
			buildActionMask = 2147483647;
			files = (
			);
			runOnlyForDeploymentPostprocessing = 0;
		};
		8634AB6A21F8AE2300CA6801 /* Frameworks */ = {
			isa = PBXFrameworksBuildPhase;
			buildActionMask = 2147483647;
			files = (
			);
			runOnlyForDeploymentPostprocessing = 0;
		};
		8634AB7521F8AE2300CA6801 /* Frameworks */ = {
			isa = PBXFrameworksBuildPhase;
			buildActionMask = 2147483647;
			files = (
			);
			runOnlyForDeploymentPostprocessing = 0;
		};
/* End PBXFrameworksBuildPhase section */

/* Begin PBXGroup section */
		8634AB5021F8AE2100CA6801 = {
			isa = PBXGroup;
			children = (
				8634AB5B21F8AE2100CA6801 /* CerealesTableView */,
				8634AB7021F8AE2300CA6801 /* CerealesTableViewTests */,
				8634AB7B21F8AE2300CA6801 /* CerealesTableViewUITests */,
				8634AB5A21F8AE2100CA6801 /* Products */,
			);
			sourceTree = "<group>";
		};
		8634AB5A21F8AE2100CA6801 /* Products */ = {
			isa = PBXGroup;
			children = (
				8634AB5921F8AE2100CA6801 /* CerealesTableView.app */,
				8634AB6D21F8AE2300CA6801 /* CerealesTableViewTests.xctest */,
				8634AB7821F8AE2300CA6801 /* CerealesTableViewUITests.xctest */,
			);
			name = Products;
			sourceTree = "<group>";
		};
		8634AB5B21F8AE2100CA6801 /* CerealesTableView */ = {
			isa = PBXGroup;
			children = (
				869705E82226D8D9002F97BD /* Tools */,
				8634AB8C21F8AE6100CA6801 /* TableViewCells */,
				8634AB8B21F8AE5B00CA6801 /* Models */,
				8634AB8A21F8AE4A00CA6801 /* Controllers */,
				8634AB5C21F8AE2100CA6801 /* AppDelegate.swift */,
				8634AB5E21F8AE2100CA6801 /* ViewController.swift */,
				8634AB6021F8AE2100CA6801 /* Main.storyboard */,
				8634AB6321F8AE2300CA6801 /* Assets.xcassets */,
				8634AB6521F8AE2300CA6801 /* LaunchScreen.storyboard */,
				8634AB6821F8AE2300CA6801 /* Info.plist */,
			);
			path = CerealesTableView;
			sourceTree = "<group>";
		};
		8634AB7021F8AE2300CA6801 /* CerealesTableViewTests */ = {
			isa = PBXGroup;
			children = (
				8634AB7121F8AE2300CA6801 /* CerealesTableViewTests.swift */,
				8634AB7321F8AE2300CA6801 /* Info.plist */,
			);
			path = CerealesTableViewTests;
			sourceTree = "<group>";
		};
		8634AB7B21F8AE2300CA6801 /* CerealesTableViewUITests */ = {
			isa = PBXGroup;
			children = (
				8634AB7C21F8AE2300CA6801 /* CerealesTableViewUITests.swift */,
				8634AB7E21F8AE2300CA6801 /* Info.plist */,
			);
			path = CerealesTableViewUITests;
			sourceTree = "<group>";
		};
		8634AB8A21F8AE4A00CA6801 /* Controllers */ = {
			isa = PBXGroup;
			children = (
				86A457B4220B2C5A00482203 /* TabBarControllerCustom.swift */,
				8665ED5A2225C20500AF4D3D /* SearchBar.swift */,
			);
			path = Controllers;
			sourceTree = "<group>";
		};
		8634AB8B21F8AE5B00CA6801 /* Models */ = {
			isa = PBXGroup;
			children = (
				8634AB8D21F8AE8100CA6801 /* Cereal.swift */,
			);
			path = Models;
			sourceTree = "<group>";
		};
		8634AB8C21F8AE6100CA6801 /* TableViewCells */ = {
			isa = PBXGroup;
			children = (
				86590D202200DC1E00518D89 /* TableViewCellCustom.swift */,
				8658DD7E22301FDA000FB6F3 /* TableViewSearchCell.swift */,
			);
			path = TableViewCells;
			sourceTree = "<group>";
		};
		869705E82226D8D9002F97BD /* Tools */ = {
			isa = PBXGroup;
			children = (
				869705EB2226D952002F97BD /* ParseCSV.swift */,
				869705EF2226DED7002F97BD /* csv.swift */,
			);
			path = Tools;
			sourceTree = "<group>";
		};
/* End PBXGroup section */

/* Begin PBXNativeTarget section */
		8634AB5821F8AE2100CA6801 /* CerealesTableView */ = {
			isa = PBXNativeTarget;
			buildConfigurationList = 8634AB8121F8AE2300CA6801 /* Build configuration list for PBXNativeTarget "CerealesTableView" */;
			buildPhases = (
				8634AB5521F8AE2100CA6801 /* Sources */,
				8634AB5621F8AE2100CA6801 /* Frameworks */,
				8634AB5721F8AE2100CA6801 /* Resources */,
			);
			buildRules = (
			);
			dependencies = (
			);
			name = CerealesTableView;
			productName = CerealesTableView;
			productReference = 8634AB5921F8AE2100CA6801 /* CerealesTableView.app */;
			productType = "com.apple.product-type.application";
		};
		8634AB6C21F8AE2300CA6801 /* CerealesTableViewTests */ = {
			isa = PBXNativeTarget;
			buildConfigurationList = 8634AB8421F8AE2300CA6801 /* Build configuration list for PBXNativeTarget "CerealesTableViewTests" */;
			buildPhases = (
				8634AB6921F8AE2300CA6801 /* Sources */,
				8634AB6A21F8AE2300CA6801 /* Frameworks */,
				8634AB6B21F8AE2300CA6801 /* Resources */,
			);
			buildRules = (
			);
			dependencies = (
				8634AB6F21F8AE2300CA6801 /* PBXTargetDependency */,
			);
			name = CerealesTableViewTests;
			productName = CerealesTableViewTests;
			productReference = 8634AB6D21F8AE2300CA6801 /* CerealesTableViewTests.xctest */;
			productType = "com.apple.product-type.bundle.unit-test";
		};
		8634AB7721F8AE2300CA6801 /* CerealesTableViewUITests */ = {
			isa = PBXNativeTarget;
			buildConfigurationList = 8634AB8721F8AE2300CA6801 /* Build configuration list for PBXNativeTarget "CerealesTableViewUITests" */;
			buildPhases = (
				8634AB7421F8AE2300CA6801 /* Sources */,
				8634AB7521F8AE2300CA6801 /* Frameworks */,
				8634AB7621F8AE2300CA6801 /* Resources */,
			);
			buildRules = (
			);
			dependencies = (
				8634AB7A21F8AE2300CA6801 /* PBXTargetDependency */,
			);
			name = CerealesTableViewUITests;
			productName = CerealesTableViewUITests;
			productReference = 8634AB7821F8AE2300CA6801 /* CerealesTableViewUITests.xctest */;
			productType = "com.apple.product-type.bundle.ui-testing";
		};
/* End PBXNativeTarget section */

/* Begin PBXProject section */
		8634AB5121F8AE2100CA6801 /* Project object */ = {
			isa = PBXProject;
			attributes = {
				LastSwiftUpdateCheck = 0940;
				LastUpgradeCheck = 0940;
				ORGANIZATIONNAME = "Daniel Tarrasso";
				TargetAttributes = {
					8634AB5821F8AE2100CA6801 = {
						CreatedOnToolsVersion = 9.4.1;
					};
					8634AB6C21F8AE2300CA6801 = {
						CreatedOnToolsVersion = 9.4.1;
						TestTargetID = 8634AB5821F8AE2100CA6801;
					};
					8634AB7721F8AE2300CA6801 = {
						CreatedOnToolsVersion = 9.4.1;
						TestTargetID = 8634AB5821F8AE2100CA6801;
					};
				};
			};
			buildConfigurationList = 8634AB5421F8AE2100CA6801 /* Build configuration list for PBXProject "CerealesTableView" */;
			compatibilityVersion = "Xcode 9.3";
			developmentRegion = en;
			hasScannedForEncodings = 0;
			knownRegions = (
				en,
				Base,
			);
			mainGroup = 8634AB5021F8AE2100CA6801;
			productRefGroup = 8634AB5A21F8AE2100CA6801 /* Products */;
			projectDirPath = "";
			projectRoot = "";
			targets = (
				8634AB5821F8AE2100CA6801 /* CerealesTableView */,
				8634AB6C21F8AE2300CA6801 /* CerealesTableViewTests */,
				8634AB7721F8AE2300CA6801 /* CerealesTableViewUITests */,
			);
		};
/* End PBXProject section */

/* Begin PBXResourcesBuildPhase section */
		8634AB5721F8AE2100CA6801 /* Resources */ = {
			isa = PBXResourcesBuildPhase;
			buildActionMask = 2147483647;
			files = (
				8634AB6721F8AE2300CA6801 /* LaunchScreen.storyboard in Resources */,
				8634AB6421F8AE2300CA6801 /* Assets.xcassets in Resources */,
				8634AB6221F8AE2100CA6801 /* Main.storyboard in Resources */,
			);
			runOnlyForDeploymentPostprocessing = 0;
		};
		8634AB6B21F8AE2300CA6801 /* Resources */ = {
			isa = PBXResourcesBuildPhase;
			buildActionMask = 2147483647;
			files = (
			);
			runOnlyForDeploymentPostprocessing = 0;
		};
		8634AB7621F8AE2300CA6801 /* Resources */ = {
			isa = PBXResourcesBuildPhase;
			buildActionMask = 2147483647;
			files = (
			);
			runOnlyForDeploymentPostprocessing = 0;
		};
/* End PBXResourcesBuildPhase section */

/* Begin PBXSourcesBuildPhase section */
		8634AB5521F8AE2100CA6801 /* Sources */ = {
			isa = PBXSourcesBuildPhase;
			buildActionMask = 2147483647;
			files = (
				869705F02226DED7002F97BD /* csv.swift in Sources */,
				8634AB8E21F8AE8100CA6801 /* Cereal.swift in Sources */,
				8634AB5F21F8AE2100CA6801 /* ViewController.swift in Sources */,
				8658DD7F22301FDA000FB6F3 /* TableViewSearchCell.swift in Sources */,
				869705EC2226D952002F97BD /* ParseCSV.swift in Sources */,
				86590D212200DC1E00518D89 /* TableViewCellCustom.swift in Sources */,
				8634AB5D21F8AE2100CA6801 /* AppDelegate.swift in Sources */,
				86A457B5220B2C5A00482203 /* TabBarControllerCustom.swift in Sources */,
				8665ED5B2225C20500AF4D3D /* SearchBar.swift in Sources */,
			);
			runOnlyForDeploymentPostprocessing = 0;
		};
		8634AB6921F8AE2300CA6801 /* Sources */ = {
			isa = PBXSourcesBuildPhase;
			buildActionMask = 2147483647;
			files = (
				8634AB7221F8AE2300CA6801 /* CerealesTableViewTests.swift in Sources */,
			);
			runOnlyForDeploymentPostprocessing = 0;
		};
		8634AB7421F8AE2300CA6801 /* Sources */ = {
			isa = PBXSourcesBuildPhase;
			buildActionMask = 2147483647;
			files = (
				8634AB7D21F8AE2300CA6801 /* CerealesTableViewUITests.swift in Sources */,
			);
			runOnlyForDeploymentPostprocessing = 0;
		};
/* End PBXSourcesBuildPhase section */

/* Begin PBXTargetDependency section */
		8634AB6F21F8AE2300CA6801 /* PBXTargetDependency */ = {
			isa = PBXTargetDependency;
			target = 8634AB5821F8AE2100CA6801 /* CerealesTableView */;
			targetProxy = 8634AB6E21F8AE2300CA6801 /* PBXContainerItemProxy */;
		};
		8634AB7A21F8AE2300CA6801 /* PBXTargetDependency */ = {
			isa = PBXTargetDependency;
			target = 8634AB5821F8AE2100CA6801 /* CerealesTableView */;
			targetProxy = 8634AB7921F8AE2300CA6801 /* PBXContainerItemProxy */;
		};
/* End PBXTargetDependency section */

/* Begin PBXVariantGroup section */
		8634AB6021F8AE2100CA6801 /* Main.storyboard */ = {
			isa = PBXVariantGroup;
			children = (
				8634AB6121F8AE2100CA6801 /* Base */,
			);
			name = Main.storyboard;
			sourceTree = "<group>";
		};
		8634AB6521F8AE2300CA6801 /* LaunchScreen.storyboard */ = {
			isa = PBXVariantGroup;
			children = (
				8634AB6621F8AE2300CA6801 /* Base */,
			);
			name = LaunchScreen.storyboard;
			sourceTree = "<group>";
		};
/* End PBXVariantGroup section */

/* Begin XCBuildConfiguration section */
		8634AB7F21F8AE2300CA6801 /* Debug */ = {
			isa = XCBuildConfiguration;
			buildSettings = {
				ALWAYS_SEARCH_USER_PATHS = NO;
				CLANG_ANALYZER_NONNULL = YES;
				CLANG_ANALYZER_NUMBER_OBJECT_CONVERSION = YES_AGGRESSIVE;
				CLANG_CXX_LANGUAGE_STANDARD = "gnu++14";
				CLANG_CXX_LIBRARY = "libc++";
				CLANG_ENABLE_MODULES = YES;
				CLANG_ENABLE_OBJC_ARC = YES;
				CLANG_ENABLE_OBJC_WEAK = YES;
				CLANG_WARN_BLOCK_CAPTURE_AUTORELEASING = YES;
				CLANG_WARN_BOOL_CONVERSION = YES;
				CLANG_WARN_COMMA = YES;
				CLANG_WARN_CONSTANT_CONVERSION = YES;
				CLANG_WARN_DEPRECATED_OBJC_IMPLEMENTATIONS = YES;
				CLANG_WARN_DIRECT_OBJC_ISA_USAGE = YES_ERROR;
				CLANG_WARN_DOCUMENTATION_COMMENTS = YES;
				CLANG_WARN_EMPTY_BODY = YES;
				CLANG_WARN_ENUM_CONVERSION = YES;
				CLANG_WARN_INFINITE_RECURSION = YES;
				CLANG_WARN_INT_CONVERSION = YES;
				CLANG_WARN_NON_LITERAL_NULL_CONVERSION = YES;
				CLANG_WARN_OBJC_IMPLICIT_RETAIN_SELF = YES;
				CLANG_WARN_OBJC_LITERAL_CONVERSION = YES;
				CLANG_WARN_OBJC_ROOT_CLASS = YES_ERROR;
				CLANG_WARN_RANGE_LOOP_ANALYSIS = YES;
				CLANG_WARN_STRICT_PROTOTYPES = YES;
				CLANG_WARN_SUSPICIOUS_MOVE = YES;
				CLANG_WARN_UNGUARDED_AVAILABILITY = YES_AGGRESSIVE;
				CLANG_WARN_UNREACHABLE_CODE = YES;
				CLANG_WARN__DUPLICATE_METHOD_MATCH = YES;
				CODE_SIGN_IDENTITY = "iPhone Developer";
				COPY_PHASE_STRIP = NO;
				DEBUG_INFORMATION_FORMAT = dwarf;
				ENABLE_STRICT_OBJC_MSGSEND = YES;
				ENABLE_TESTABILITY = YES;
				GCC_C_LANGUAGE_STANDARD = gnu11;
				GCC_DYNAMIC_NO_PIC = NO;
				GCC_NO_COMMON_BLOCKS = YES;
				GCC_OPTIMIZATION_LEVEL = 0;
				GCC_PREPROCESSOR_DEFINITIONS = (
					"DEBUG=1",
					"$(inherited)",
				);
				GCC_WARN_64_TO_32_BIT_CONVERSION = YES;
				GCC_WARN_ABOUT_RETURN_TYPE = YES_ERROR;
				GCC_WARN_UNDECLARED_SELECTOR = YES;
				GCC_WARN_UNINITIALIZED_AUTOS = YES_AGGRESSIVE;
				GCC_WARN_UNUSED_FUNCTION = YES;
				GCC_WARN_UNUSED_VARIABLE = YES;
				IPHONEOS_DEPLOYMENT_TARGET = 11.4;
				MTL_ENABLE_DEBUG_INFO = YES;
				ONLY_ACTIVE_ARCH = YES;
				SDKROOT = iphoneos;
				SWIFT_ACTIVE_COMPILATION_CONDITIONS = DEBUG;
				SWIFT_OPTIMIZATION_LEVEL = "-Onone";
			};
			name = Debug;
		};
		8634AB8021F8AE2300CA6801 /* Release */ = {
			isa = XCBuildConfiguration;
			buildSettings = {
				ALWAYS_SEARCH_USER_PATHS = NO;
				CLANG_ANALYZER_NONNULL = YES;
				CLANG_ANALYZER_NUMBER_OBJECT_CONVERSION = YES_AGGRESSIVE;
				CLANG_CXX_LANGUAGE_STANDARD = "gnu++14";
				CLANG_CXX_LIBRARY = "libc++";
				CLANG_ENABLE_MODULES = YES;
				CLANG_ENABLE_OBJC_ARC = YES;
				CLANG_ENABLE_OBJC_WEAK = YES;
				CLANG_WARN_BLOCK_CAPTURE_AUTORELEASING = YES;
				CLANG_WARN_BOOL_CONVERSION = YES;
				CLANG_WARN_COMMA = YES;
				CLANG_WARN_CONSTANT_CONVERSION = YES;
				CLANG_WARN_DEPRECATED_OBJC_IMPLEMENTATIONS = YES;
				CLANG_WARN_DIRECT_OBJC_ISA_USAGE = YES_ERROR;
				CLANG_WARN_DOCUMENTATION_COMMENTS = YES;
				CLANG_WARN_EMPTY_BODY = YES;
				CLANG_WARN_ENUM_CONVERSION = YES;
				CLANG_WARN_INFINITE_RECURSION = YES;
				CLANG_WARN_INT_CONVERSION = YES;
				CLANG_WARN_NON_LITERAL_NULL_CONVERSION = YES;
				CLANG_WARN_OBJC_IMPLICIT_RETAIN_SELF = YES;
				CLANG_WARN_OBJC_LITERAL_CONVERSION = YES;
				CLANG_WARN_OBJC_ROOT_CLASS = YES_ERROR;
				CLANG_WARN_RANGE_LOOP_ANALYSIS = YES;
				CLANG_WARN_STRICT_PROTOTYPES = YES;
				CLANG_WARN_SUSPICIOUS_MOVE = YES;
				CLANG_WARN_UNGUARDED_AVAILABILITY = YES_AGGRESSIVE;
				CLANG_WARN_UNREACHABLE_CODE = YES;
				CLANG_WARN__DUPLICATE_METHOD_MATCH = YES;
				CODE_SIGN_IDENTITY = "iPhone Developer";
				COPY_PHASE_STRIP = NO;
				DEBUG_INFORMATION_FORMAT = "dwarf-with-dsym";
				ENABLE_NS_ASSERTIONS = NO;
				ENABLE_STRICT_OBJC_MSGSEND = YES;
				GCC_C_LANGUAGE_STANDARD = gnu11;
				GCC_NO_COMMON_BLOCKS = YES;
				GCC_WARN_64_TO_32_BIT_CONVERSION = YES;
				GCC_WARN_ABOUT_RETURN_TYPE = YES_ERROR;
				GCC_WARN_UNDECLARED_SELECTOR = YES;
				GCC_WARN_UNINITIALIZED_AUTOS = YES_AGGRESSIVE;
				GCC_WARN_UNUSED_FUNCTION = YES;
				GCC_WARN_UNUSED_VARIABLE = YES;
				IPHONEOS_DEPLOYMENT_TARGET = 11.4;
				MTL_ENABLE_DEBUG_INFO = NO;
				SDKROOT = iphoneos;
				SWIFT_COMPILATION_MODE = wholemodule;
				SWIFT_OPTIMIZATION_LEVEL = "-O";
				VALIDATE_PRODUCT = YES;
			};
			name = Release;
		};
		8634AB8221F8AE2300CA6801 /* Debug */ = {
			isa = XCBuildConfiguration;
			buildSettings = {
				ASSETCATALOG_COMPILER_APPICON_NAME = AppIcon;
				CODE_SIGN_STYLE = Automatic;
				INFOPLIST_FILE = CerealesTableView/Info.plist;
				LD_RUNPATH_SEARCH_PATHS = (
					"$(inherited)",
					"@executable_path/Frameworks",
				);
				PRODUCT_BUNDLE_IDENTIFIER = Danielo.CerealesTableView;
				PRODUCT_NAME = "$(TARGET_NAME)";
				SWIFT_VERSION = 4.0;
				TARGETED_DEVICE_FAMILY = "1,2";
			};
			name = Debug;
		};
		8634AB8321F8AE2300CA6801 /* Release */ = {
			isa = XCBuildConfiguration;
			buildSettings = {
				ASSETCATALOG_COMPILER_APPICON_NAME = AppIcon;
				CODE_SIGN_STYLE = Automatic;
				INFOPLIST_FILE = CerealesTableView/Info.plist;
				LD_RUNPATH_SEARCH_PATHS = (
					"$(inherited)",
					"@executable_path/Frameworks",
				);
				PRODUCT_BUNDLE_IDENTIFIER = Danielo.CerealesTableView;
				PRODUCT_NAME = "$(TARGET_NAME)";
				SWIFT_VERSION = 4.0;
				TARGETED_DEVICE_FAMILY = "1,2";
			};
			name = Release;
		};
		8634AB8521F8AE2300CA6801 /* Debug */ = {
			isa = XCBuildConfiguration;
			buildSettings = {
				ALWAYS_EMBED_SWIFT_STANDARD_LIBRARIES = YES;
				BUNDLE_LOADER = "$(TEST_HOST)";
				CODE_SIGN_STYLE = Automatic;
				INFOPLIST_FILE = CerealesTableViewTests/Info.plist;
				LD_RUNPATH_SEARCH_PATHS = (
					"$(inherited)",
					"@executable_path/Frameworks",
					"@loader_path/Frameworks",
				);
				PRODUCT_BUNDLE_IDENTIFIER = Danielo.CerealesTableViewTests;
				PRODUCT_NAME = "$(TARGET_NAME)";
				SWIFT_VERSION = 4.0;
				TARGETED_DEVICE_FAMILY = "1,2";
				TEST_HOST = "$(BUILT_PRODUCTS_DIR)/CerealesTableView.app/CerealesTableView";
			};
			name = Debug;
		};
		8634AB8621F8AE2300CA6801 /* Release */ = {
			isa = XCBuildConfiguration;
			buildSettings = {
				ALWAYS_EMBED_SWIFT_STANDARD_LIBRARIES = YES;
				BUNDLE_LOADER = "$(TEST_HOST)";
				CODE_SIGN_STYLE = Automatic;
				INFOPLIST_FILE = CerealesTableViewTests/Info.plist;
				LD_RUNPATH_SEARCH_PATHS = (
					"$(inherited)",
					"@executable_path/Frameworks",
					"@loader_path/Frameworks",
				);
				PRODUCT_BUNDLE_IDENTIFIER = Danielo.CerealesTableViewTests;
				PRODUCT_NAME = "$(TARGET_NAME)";
				SWIFT_VERSION = 4.0;
				TARGETED_DEVICE_FAMILY = "1,2";
				TEST_HOST = "$(BUILT_PRODUCTS_DIR)/CerealesTableView.app/CerealesTableView";
			};
			name = Release;
		};
		8634AB8821F8AE2300CA6801 /* Debug */ = {
			isa = XCBuildConfiguration;
			buildSettings = {
				ALWAYS_EMBED_SWIFT_STANDARD_LIBRARIES = YES;
				CODE_SIGN_STYLE = Automatic;
				INFOPLIST_FILE = CerealesTableViewUITests/Info.plist;
				LD_RUNPATH_SEARCH_PATHS = (
					"$(inherited)",
					"@executable_path/Frameworks",
					"@loader_path/Frameworks",
				);
				PRODUCT_BUNDLE_IDENTIFIER = Danielo.CerealesTableViewUITests;
				PRODUCT_NAME = "$(TARGET_NAME)";
				SWIFT_VERSION = 4.0;
				TARGETED_DEVICE_FAMILY = "1,2";
				TEST_TARGET_NAME = CerealesTableView;
			};
			name = Debug;
		};
		8634AB8921F8AE2300CA6801 /* Release */ = {
			isa = XCBuildConfiguration;
			buildSettings = {
				ALWAYS_EMBED_SWIFT_STANDARD_LIBRARIES = YES;
				CODE_SIGN_STYLE = Automatic;
				INFOPLIST_FILE = CerealesTableViewUITests/Info.plist;
				LD_RUNPATH_SEARCH_PATHS = (
					"$(inherited)",
					"@executable_path/Frameworks",
					"@loader_path/Frameworks",
				);
				PRODUCT_BUNDLE_IDENTIFIER = Danielo.CerealesTableViewUITests;
				PRODUCT_NAME = "$(TARGET_NAME)";
				SWIFT_VERSION = 4.0;
				TARGETED_DEVICE_FAMILY = "1,2";
				TEST_TARGET_NAME = CerealesTableView;
			};
			name = Release;
		};
/* End XCBuildConfiguration section */

/* Begin XCConfigurationList section */
		8634AB5421F8AE2100CA6801 /* Build configuration list for PBXProject "CerealesTableView" */ = {
			isa = XCConfigurationList;
			buildConfigurations = (
				8634AB7F21F8AE2300CA6801 /* Debug */,
				8634AB8021F8AE2300CA6801 /* Release */,
			);
			defaultConfigurationIsVisible = 0;
			defaultConfigurationName = Release;
		};
		8634AB8121F8AE2300CA6801 /* Build configuration list for PBXNativeTarget "CerealesTableView" */ = {
			isa = XCConfigurationList;
			buildConfigurations = (
				8634AB8221F8AE2300CA6801 /* Debug */,
				8634AB8321F8AE2300CA6801 /* Release */,
			);
			defaultConfigurationIsVisible = 0;
			defaultConfigurationName = Release;
		};
		8634AB8421F8AE2300CA6801 /* Build configuration list for PBXNativeTarget "CerealesTableViewTests" */ = {
			isa = XCConfigurationList;
			buildConfigurations = (
				8634AB8521F8AE2300CA6801 /* Debug */,
				8634AB8621F8AE2300CA6801 /* Release */,
			);
			defaultConfigurationIsVisible = 0;
			defaultConfigurationName = Release;
		};
		8634AB8721F8AE2300CA6801 /* Build configuration list for PBXNativeTarget "CerealesTableViewUITests" */ = {
			isa = XCConfigurationList;
			buildConfigurations = (
				8634AB8821F8AE2300CA6801 /* Debug */,
				8634AB8921F8AE2300CA6801 /* Release */,
			);
			defaultConfigurationIsVisible = 0;
			defaultConfigurationName = Release;
		};
/* End XCConfigurationList section */
	};
	rootObject = 8634AB5121F8AE2100CA6801 /* Project object */;
}
